
Microsoft Visual Studio Solution File, Format Version 12.00
# Visual Studio Version 17
VisualStudioVersion = 17.0.32112.339
MinimumVisualStudioVersion = 10.0.40219.1
Project("{2150E333-8FDC-42A3-9474-1A3956D46DE8}") = "src", "src", "{B706405C-532F-4283-AB43-B293DD6B1C3A}"
EndProject
Project("{2150E333-8FDC-42A3-9474-1A3956D46DE8}") = "API", "API", "{87B91916-DFE0-4F0C-B25F-DF9000DD2265}"
EndProject
Project("{2150E333-8FDC-42A3-9474-1A3956D46DE8}") = "Core", "Core", "{3A3F0543-8B77-4051-B34C-8DC38C5EFDA8}"
EndProject
Project("{2150E333-8FDC-42A3-9474-1A3956D46DE8}") = "Infrastructure", "Infrastructure", "{AAF7692B-9541-4F83-A6AC-DE335B3DCA8A}"
EndProject
Project("{2150E333-8FDC-42A3-9474-1A3956D46DE8}") = "UI", "UI", "{BFB4158C-C31D-43D4-B073-56537026348A}"
EndProject
Project("{9A19103F-16F7-4668-BE54-9A1E7A4F7556}") = "LeaveManagement.Domain", "LeaveManagement.Domain\LeaveManagement.Domain.csproj", "{76E2B4EA-0B2A-4CAB-8EA5-73A0E74EFCFC}"
EndProject
Project("{9A19103F-16F7-4668-BE54-9A1E7A4F7556}") = "LeaveManagement.Application", "LeaveManagement.Application\LeaveManagement.Application.csproj", "{92A78527-497A-4F80-8729-2D65AE3A227C}"
EndProject
Global
	GlobalSection(SolutionConfigurationPlatforms) = preSolution
		Debug|Any CPU = Debug|Any CPU
		Release|Any CPU = Release|Any CPU
	EndGlobalSection
	GlobalSection(ProjectConfigurationPlatforms) = postSolution
		{76E2B4EA-0B2A-4CAB-8EA5-73A0E74EFCFC}.Debug|Any CPU.ActiveCfg = Debug|Any CPU
		{76E2B4EA-0B2A-4CAB-8EA5-73A0E74EFCFC}.Debug|Any CPU.Build.0 = Debug|Any CPU
		{76E2B4EA-0B2A-4CAB-8EA5-73A0E74EFCFC}.Release|Any CPU.ActiveCfg = Release|Any CPU
		{76E2B4EA-0B2A-4CAB-8EA5-73A0E74EFCFC}.Release|Any CPU.Build.0 = Release|Any CPU
		{92A78527-497A-4F80-8729-2D65AE3A227C}.Debug|Any CPU.ActiveCfg = Debug|Any CPU
		{92A78527-497A-4F80-8729-2D65AE3A227C}.Debug|Any CPU.Build.0 = Debug|Any CPU
		{92A78527-497A-4F80-8729-2D65AE3A227C}.Release|Any CPU.ActiveCfg = Release|Any CPU
		{92A78527-497A-4F80-8729-2D65AE3A227C}.Release|Any CPU.Build.0 = Release|Any CPU
	EndGlobalSection
	GlobalSection(SolutionProperties) = preSolution
		HideSolutionNode = FALSE
	EndGlobalSection
	GlobalSection(NestedProjects) = preSolution
		{87B91916-DFE0-4F0C-B25F-DF9000DD2265} = {B706405C-532F-4283-AB43-B293DD6B1C3A}
		{3A3F0543-8B77-4051-B34C-8DC38C5EFDA8} = {B706405C-532F-4283-AB43-B293DD6B1C3A}
		{AAF7692B-9541-4F83-A6AC-DE335B3DCA8A} = {B706405C-532F-4283-AB43-B293DD6B1C3A}
		{BFB4158C-C31D-43D4-B073-56537026348A} = {B706405C-532F-4283-AB43-B293DD6B1C3A}
		{76E2B4EA-0B2A-4CAB-8EA5-73A0E74EFCFC} = {3A3F0543-8B77-4051-B34C-8DC38C5EFDA8}
		{92A78527-497A-4F80-8729-2D65AE3A227C} = {3A3F0543-8B77-4051-B34C-8DC38C5EFDA8}
	EndGlobalSection
	GlobalSection(ExtensibilityGlobals) = postSolution
		SolutionGuid = {653A560D-DEAE-4F1D-AC36-9540CC55063F}
	EndGlobalSection
EndGlobal
