
Microsoft Visual Studio Solution File, Format Version 12.00
Project("{2150E333-8FDC-42A3-9474-1A3956D46DE8}") = "src", "src", "{B706405C-532F-4283-AB43-B293DD6B1C3A}"
EndProject
Project("{2150E333-8FDC-42A3-9474-1A3956D46DE8}") = "API", "API", "{87B91916-DFE0-4F0C-B25F-DF9000DD2265}"
EndProject
Project("{2150E333-8FDC-42A3-9474-1A3956D46DE8}") = "Core", "Core", "{3A3F0543-8B77-4051-B34C-8DC38C5EFDA8}"
EndProject
Project("{2150E333-8FDC-42A3-9474-1A3956D46DE8}") = "Infrastructure", "Infrastructure", "{AAF7692B-9541-4F83-A6AC-DE335B3DCA8A}"
EndProject
Project("{2150E333-8FDC-42A3-9474-1A3956D46DE8}") = "UI", "UI", "{BFB4158C-C31D-43D4-B073-56537026348A}"
EndProject
Project("{FAE04EC0-301F-11D3-BF4B-00C04F79EFBC}") = "LeaveManagement.Domain", "LeaveManagement.Domain\LeaveManagement.Domain.csproj", "{76E2B4EA-0B2A-4CAB-8EA5-73A0E74EFCFC}"
EndProject
Global
	GlobalSection(SolutionConfigurationPlatforms) = preSolution
		Debug|Any CPU = Debug|Any CPU
		Release|Any CPU = Release|Any CPU
	EndGlobalSection
	GlobalSection(NestedProjects) = preSolution
		{87B91916-DFE0-4F0C-B25F-DF9000DD2265} = {B706405C-532F-4283-AB43-B293DD6B1C3A}
		{3A3F0543-8B77-4051-B34C-8DC38C5EFDA8} = {B706405C-532F-4283-AB43-B293DD6B1C3A}
		{AAF7692B-9541-4F83-A6AC-DE335B3DCA8A} = {B706405C-532F-4283-AB43-B293DD6B1C3A}
		{BFB4158C-C31D-43D4-B073-56537026348A} = {B706405C-532F-4283-AB43-B293DD6B1C3A}
		{76E2B4EA-0B2A-4CAB-8EA5-73A0E74EFCFC} = {3A3F0543-8B77-4051-B34C-8DC38C5EFDA8}
	EndGlobalSection
	GlobalSection(ProjectConfigurationPlatforms) = postSolution
		{76E2B4EA-0B2A-4CAB-8EA5-73A0E74EFCFC}.Debug|Any CPU.ActiveCfg = Debug|Any CPU
	EndGlobalSection
EndGlobal
